
Microsoft Visual Studio Solution File, Format Version 12.00
# Visual Studio 15
VisualStudioVersion = 15.0.27703.1
MinimumVisualStudioVersion = 10.0.40219.1
Project("{FAE04EC0-301F-11D3-BF4B-00C04F79EFBC}") = "WebRegistry", "WebRegistry\WebRegistry.csproj", "{0696A65B-BEF7-4803-8A50-626D80C6CD7F}"
EndProject
Global
	GlobalSection(SolutionConfigurationPlatforms) = preSolution
		Debug|Any CPU = Debug|Any CPU
		Release|Any CPU = Release|Any CPU
	EndGlobalSection
	GlobalSection(ProjectConfigurationPlatforms) = postSolution
		{0696A65B-BEF7-4803-8A50-626D80C6CD7F}.Debug|Any CPU.ActiveCfg = Debug|Any CPU
		{0696A65B-BEF7-4803-8A50-626D80C6CD7F}.Debug|Any CPU.Build.0 = Debug|Any CPU
		{0696A65B-BEF7-4803-8A50-626D80C6CD7F}.Release|Any CPU.ActiveCfg = Release|Any CPU
		{0696A65B-BEF7-4803-8A50-626D80C6CD7F}.Release|Any CPU.Build.0 = Release|Any CPU
	EndGlobalSection
	GlobalSection(SolutionProperties) = preSolution
		HideSolutionNode = FALSE
	EndGlobalSection
	GlobalSection(ExtensibilityGlobals) = postSolution
		SolutionGuid = {8CD1F010-F541-4263-9EB2-C811007C446E}
	EndGlobalSection
EndGlobal
